
Microsoft Visual Studio Solution File, Format Version 12.00
# Visual Studio Version 17
VisualStudioVersion = 17.4.33110.190
MinimumVisualStudioVersion = 10.0.40219.1
Project("{FAE04EC0-301F-11D3-BF4B-00C04F79EFBC}") = "WebAppCore2022", "WebAppCore2022\WebAppCore2022.csproj", "{C7A3CA85-0818-4C49-8D9C-865EFD8A3F4F}"
EndProject
Global
	GlobalSection(SolutionConfigurationPlatforms) = preSolution
		Debug|Any CPU = Debug|Any CPU
		Release|Any CPU = Release|Any CPU
	EndGlobalSection
	GlobalSection(ProjectConfigurationPlatforms) = postSolution
		{C7A3CA85-0818-4C49-8D9C-865EFD8A3F4F}.Debug|Any CPU.ActiveCfg = Debug|Any CPU
		{C7A3CA85-0818-4C49-8D9C-865EFD8A3F4F}.Debug|Any CPU.Build.0 = Debug|Any CPU
		{C7A3CA85-0818-4C49-8D9C-865EFD8A3F4F}.Release|Any CPU.ActiveCfg = Release|Any CPU
		{C7A3CA85-0818-4C49-8D9C-865EFD8A3F4F}.Release|Any CPU.Build.0 = Release|Any CPU
	EndGlobalSection
	GlobalSection(SolutionProperties) = preSolution
		HideSolutionNode = FALSE
	EndGlobalSection
	GlobalSection(ExtensibilityGlobals) = postSolution
		SolutionGuid = {0A9698E2-7EC2-4E59-80A3-79203FF74CD3}
	EndGlobalSection
EndGlobal
